
Microsoft Visual Studio Solution File, Format Version 12.00
# Visual Studio Version 17
VisualStudioVersion = 17.9.34607.119
MinimumVisualStudioVersion = 10.0.40219.1
Project("{FAE04EC0-301F-11D3-BF4B-00C04F79EFBC}") = "DadataApi", "DadataApi\DadataApi.csproj", "{4526F32E-3B35-44CB-8407-846CC2A5A4C6}"
EndProject
Global
	GlobalSection(SolutionConfigurationPlatforms) = preSolution
		Debug|Any CPU = Debug|Any CPU
		Release|Any CPU = Release|Any CPU
	EndGlobalSection
	GlobalSection(ProjectConfigurationPlatforms) = postSolution
		{4526F32E-3B35-44CB-8407-846CC2A5A4C6}.Debug|Any CPU.ActiveCfg = Debug|Any CPU
		{4526F32E-3B35-44CB-8407-846CC2A5A4C6}.Debug|Any CPU.Build.0 = Debug|Any CPU
		{4526F32E-3B35-44CB-8407-846CC2A5A4C6}.Release|Any CPU.ActiveCfg = Release|Any CPU
		{4526F32E-3B35-44CB-8407-846CC2A5A4C6}.Release|Any CPU.Build.0 = Release|Any CPU
	EndGlobalSection
	GlobalSection(SolutionProperties) = preSolution
		HideSolutionNode = FALSE
	EndGlobalSection
	GlobalSection(ExtensibilityGlobals) = postSolution
		SolutionGuid = {2343C365-A257-4A5B-A55E-8599D741B29E}
	EndGlobalSection
EndGlobal
